
Microsoft Visual Studio Solution File, Format Version 12.00
# Visual Studio Version 16
VisualStudioVersion = 16.0.30406.217
MinimumVisualStudioVersion = 10.0.40219.1
Project("{9A19103F-16F7-4668-BE54-9A1E7A4F7556}") = "DemoWeb", "DemoWeb.csproj", "{88853169-1430-4BDA-82B5-46F0B8F6BE19}"
EndProject
Project("{9A19103F-16F7-4668-BE54-9A1E7A4F7556}") = "BowlingData", "..\BowlingData\BowlingData.csproj", "{44A9042A-99FA-471B-85E1-6230A0ED616F}"
EndProject
Project("{FAE04EC0-301F-11D3-BF4B-00C04F79EFBC}") = "BowlingServices", "..\BowlingServices\BowlingServices.csproj", "{B27F2D0B-FDC4-48E8-8FCF-EEA34EAA1F18}"
EndProject
Global
	GlobalSection(SolutionConfigurationPlatforms) = preSolution
		Debug|Any CPU = Debug|Any CPU
		Release|Any CPU = Release|Any CPU
	EndGlobalSection
	GlobalSection(ProjectConfigurationPlatforms) = postSolution
		{88853169-1430-4BDA-82B5-46F0B8F6BE19}.Debug|Any CPU.ActiveCfg = Debug|Any CPU
		{88853169-1430-4BDA-82B5-46F0B8F6BE19}.Debug|Any CPU.Build.0 = Debug|Any CPU
		{88853169-1430-4BDA-82B5-46F0B8F6BE19}.Release|Any CPU.ActiveCfg = Release|Any CPU
		{88853169-1430-4BDA-82B5-46F0B8F6BE19}.Release|Any CPU.Build.0 = Release|Any CPU
		{44A9042A-99FA-471B-85E1-6230A0ED616F}.Debug|Any CPU.ActiveCfg = Debug|Any CPU
		{44A9042A-99FA-471B-85E1-6230A0ED616F}.Debug|Any CPU.Build.0 = Debug|Any CPU
		{44A9042A-99FA-471B-85E1-6230A0ED616F}.Release|Any CPU.ActiveCfg = Release|Any CPU
		{44A9042A-99FA-471B-85E1-6230A0ED616F}.Release|Any CPU.Build.0 = Release|Any CPU
		{B27F2D0B-FDC4-48E8-8FCF-EEA34EAA1F18}.Debug|Any CPU.ActiveCfg = Debug|Any CPU
		{B27F2D0B-FDC4-48E8-8FCF-EEA34EAA1F18}.Debug|Any CPU.Build.0 = Debug|Any CPU
		{B27F2D0B-FDC4-48E8-8FCF-EEA34EAA1F18}.Release|Any CPU.ActiveCfg = Release|Any CPU
		{B27F2D0B-FDC4-48E8-8FCF-EEA34EAA1F18}.Release|Any CPU.Build.0 = Release|Any CPU
	EndGlobalSection
	GlobalSection(SolutionProperties) = preSolution
		HideSolutionNode = FALSE
	EndGlobalSection
	GlobalSection(ExtensibilityGlobals) = postSolution
		SolutionGuid = {CAA77B77-3AB7-407D-B4E8-2557EF60F1AF}
	EndGlobalSection
EndGlobal
